
Microsoft Visual Studio Solution File, Format Version 12.00
# Visual Studio Version 17
VisualStudioVersion = 17.3.32819.101
MinimumVisualStudioVersion = 10.0.40219.1
Project("{FAE04EC0-301F-11D3-BF4B-00C04F79EFBC}") = "Project2-BuildAapi", "Project2-BuildAapi.csproj", "{B0A60A44-09CC-4070-B66B-DA975A20553F}"
EndProject
Global
	GlobalSection(SolutionConfigurationPlatforms) = preSolution
		Debug|Any CPU = Debug|Any CPU
		Release|Any CPU = Release|Any CPU
	EndGlobalSection
	GlobalSection(ProjectConfigurationPlatforms) = postSolution
		{B0A60A44-09CC-4070-B66B-DA975A20553F}.Debug|Any CPU.ActiveCfg = Debug|Any CPU
		{B0A60A44-09CC-4070-B66B-DA975A20553F}.Debug|Any CPU.Build.0 = Debug|Any CPU
		{B0A60A44-09CC-4070-B66B-DA975A20553F}.Release|Any CPU.ActiveCfg = Release|Any CPU
		{B0A60A44-09CC-4070-B66B-DA975A20553F}.Release|Any CPU.Build.0 = Release|Any CPU
	EndGlobalSection
	GlobalSection(SolutionProperties) = preSolution
		HideSolutionNode = FALSE
	EndGlobalSection
	GlobalSection(ExtensibilityGlobals) = postSolution
		SolutionGuid = {3224A620-B33E-43EB-A0C3-82CB920B9E72}
	EndGlobalSection
EndGlobal
